# Generated by pub
# See http://pub.dartlang.org/doc/glossary.html#lockfile
packages:
  csv_utils:
    description: csv_utils
    source: hosted
    version: "0.2.0"
  exportable:
    description: exportable
    source: hosted
    version: "0.1.0"
  petitparser:
    description: petitparser
    source: hosted
    version: "1.4.3"
  xml:
    description: xml
    source: hosted
    version: "2.3.2"
